version: 1.0
shards:
  amq-protocol:
    github: cloudamqp/amq-protocol.cr
    version: 0.3.2

  amqp-client:
    github: cloudamqp/amqp-client.cr
    version: 0.4.4

  neo4j:
    github: jgaskins/neo4j.cr
    version: 0.5.6

  statsd:
    github: miketheman/statsd.cr
    commit: 7ad9e853a51bec051dadb99780a58f98d57bb3b9

